lockfileVersion: '6.0'

settings:
  autoInstallPeers: true
  excludeLinksFromLockfile: false

dependencies:
  n8n-core:
    specifier: ^0.100.0
    version: 0.100.0
  n8n-workflow:
    specifier: ^0.100.0
    version: 0.100.0

devDependencies:
  '@types/node':
    specifier: ^16.0.0
    version: 16.18.126
  rimraf:
    specifier: 6.0.1
    version: 6.0.1
  typescript:
    specifier: ^4.5.0
    version: 4.9.5

packages:

  /@isaacs/cliui@8.0.2:
    resolution: {integrity: sha512-O8jcjabXaleOG9DQ0+ARXWZBTfnP4WNAqzuiJK7ll44AmxGKv/J2M4TPjxjY3znBCfvBXFzucm1twdyFybFqEA==}
    engines: {node: '>=12'}
    dependencies:
      string-width: 5.1.2
      string-width-cjs: /string-width@4.2.3
      strip-ansi: 7.1.0
      strip-ansi-cjs: /strip-ansi@6.0.1
      wrap-ansi: 8.1.0
      wrap-ansi-cjs: /wrap-ansi@7.0.0
    dev: true

  /@servie/events@1.0.0:
    resolution: {integrity: sha512-sBSO19KzdrJCM3gdx6eIxV8M9Gxfgg6iDQmH5TIAGaUu+X9VDdsINXJOnoiZ1Kx3TrHdH4bt5UVglkjsEGBcvw==}
    dev: false

  /@tokenizer/token@0.1.1:
    resolution: {integrity: sha512-XO6INPbZCxdprl+9qa/AAbFFOMzzwqYxpjPgLICrMD6C2FCw6qfJOPcBk6JqqPLSaZ/Qx87qn4rpPmPMwaAK6w==}
    dev: false

  /@tokenizer/token@0.3.0:
    resolution: {integrity: sha512-OvjF+z51L3ov0OyAU0duzsYuvO01PH7x4t6DJx+guahgTnBHkhJdG7soQeTSFLWN3efnHyibZ4Z8l2EuWwJN3A==}
    dev: false

  /@types/node@16.18.126:
    resolution: {integrity: sha512-OTcgaiwfGFBKacvfwuHzzn1KLxH/er8mluiy8/uM3sGXHaRe73RrSIj01jow9t4kJEW633Ov+cOexXeiApTyAw==}
    dev: true

  /@types/tough-cookie@4.0.5:
    resolution: {integrity: sha512-/Ad8+nIOV7Rl++6f1BdKxFSMgmoqEoYbHRpPcx3JEfv8VRsQe9Z4mCXeJBzxs7mbHY/XOZZuXlRNfhpVPbs6ZA==}
    dev: false

  /ajv@6.12.6:
    resolution: {integrity: sha512-j3fVLgvTo527anyYyJOGTYJbG+vnnQYvE0m5mmkc1TK+nxAppkCLMIL0aZ4dblVCNoGShhm+kzE4ZUykBoMg4g==}
    dependencies:
      fast-deep-equal: 3.1.3
      fast-json-stable-stringify: 2.1.0
      json-schema-traverse: 0.4.1
      uri-js: 4.4.1
    dev: false

  /ansi-regex@5.0.1:
    resolution: {integrity: sha512-quJQXlTSUGL2LH9SUXo8VwsY4soanhgo6LNSm84E1LBcE8s3O0wpdiRzyR9z/ZZJMlMWv37qOOb9pdJlMUEKFQ==}
    engines: {node: '>=8'}
    dev: true

  /ansi-regex@6.1.0:
    resolution: {integrity: sha512-7HSX4QQb4CspciLpVFwyRe79O3xsIZDDLER21kERQ71oaPodF8jL725AgJMFAYbooIqolJoRLuM81SpeUkpkvA==}
    engines: {node: '>=12'}
    dev: true

  /ansi-styles@4.3.0:
    resolution: {integrity: sha512-zbB9rCJAT1rbjiVDb2hqKFHNYLxgtk8NURxZ3IZwD3F6NtxbXZQCnnSi1Lkx+IDohdPlFp222wVALIheZJQSEg==}
    engines: {node: '>=8'}
    dependencies:
      color-convert: 2.0.1
    dev: true

  /ansi-styles@6.2.1:
    resolution: {integrity: sha512-bN798gFfQX+viw3R7yrGWRqnrN2oRkEkUjjl4JNn4E8GxxbjtG3FbrEIIY3l8/hrwUwIeCZvi4QuOTP4MErVug==}
    engines: {node: '>=12'}
    dev: true

  /asn1@0.2.6:
    resolution: {integrity: sha512-ix/FxPn0MDjeyJ7i/yoHGFt/EX6LyNbxSEhPPXODPL+KB0VPk86UYfL0lMdy+KCnv+fmvIzySwaK5COwqVbWTQ==}
    dependencies:
      safer-buffer: 2.1.2
    dev: false

  /assert-plus@1.0.0:
    resolution: {integrity: sha512-NfJ4UzBCcQGLDlQq7nHxH+tv3kyZ0hHQqF5BO6J7tNJeP5do1llPr8dZ8zHonfhAu0PHAdMkSo+8o0wxg9lZWw==}
    engines: {node: '>=0.8'}
    dev: false

  /asynckit@0.4.0:
    resolution: {integrity: sha512-Oei9OH4tRh0YqU3GxhX79dM/mwVgvbZJaSNaRk+bshkj0S5cfHcgYakreBjrHwatXKbz+IoIdYLxrKim2MjW0Q==}
    dev: false

  /aws-sign2@0.7.0:
    resolution: {integrity: sha512-08kcGqnYf/YmjoRhfxyu+CLxBjUtHLXLXX/vUfx9l2LYzG3c1m61nrpyFUZI6zeS+Li/wWMMidD9KgrqtGq3mA==}
    dev: false

  /aws4@1.13.2:
    resolution: {integrity: sha512-lHe62zvbTB5eEABUVi/AwVh0ZKY9rMMDhmm+eeyuuUQbQ3+J+fONVQOZyj+DdrvD4BY33uYniyRJ4UJIaSKAfw==}
    dev: false

  /axios@0.21.4:
    resolution: {integrity: sha512-ut5vewkiu8jjGBdqpM44XxjuCjq9LAKeHVmoVfHVzy8eHgxxq8SbAVQNovDA8mVi05kP0Ea/n/UzcSHcTJQfNg==}
    dependencies:
      follow-redirects: 1.15.9
    transitivePeerDependencies:
      - debug
    dev: false

  /balanced-match@1.0.2:
    resolution: {integrity: sha512-3oSeUO0TMV67hN1AmbXsK4yaqU7tjiHlbxRDZOpH0KW9+CeX4bRAaX0Anxt0tx2MrpRpWwQaPwIlISEJhYU5Pw==}
    dev: true

  /bcrypt-pbkdf@1.0.2:
    resolution: {integrity: sha512-qeFIXtP4MSoi6NLqO12WfqARWWuCKi2Rn/9hJLEmtB5yTNr9DqFWkJRCf2qShWzPeAMRnOgCrq0sg/KLv5ES9w==}
    dependencies:
      tweetnacl: 0.14.5
    dev: false

  /brace-expansion@2.0.1:
    resolution: {integrity: sha512-XnAIvQ8eM+kC6aULx6wuQiwVsnzsi9d3WxzV3FpWTGA19F621kwdbsAcFKXgKUHZWsy+mY6iL1sHTxWEFCytDA==}
    dependencies:
      balanced-match: 1.0.2
    dev: true

  /byte-length@1.0.2:
    resolution: {integrity: sha512-ovBpjmsgd/teRmgcPh23d4gJvxDoXtAzEL9xTfMU8Yc2kqCDb7L9jAG0XHl1nzuGl+h3ebCIF1i62UFyA9V/2Q==}
    dev: false

  /call-bind-apply-helpers@1.0.2:
    resolution: {integrity: sha512-Sp1ablJ0ivDkSzjcaJdxEunN5/XvksFJ2sMBFfq6x0ryhQV/2b/KwFe21cMpmHtPOSij8K99/wSfoEuTObmuMQ==}
    engines: {node: '>= 0.4'}
    dependencies:
      es-errors: 1.3.0
      function-bind: 1.1.2
    dev: false

  /call-bound@1.0.4:
    resolution: {integrity: sha512-+ys997U96po4Kx/ABpBCqhA9EuxJaQWDQg7295H4hBphv3IZg0boBKuwYpt4YXp6MZ5AmZQnU/tyMTlRpaSejg==}
    engines: {node: '>= 0.4'}
    dependencies:
      call-bind-apply-helpers: 1.0.2
      get-intrinsic: 1.3.0
    dev: false

  /caseless@0.12.0:
    resolution: {integrity: sha512-4tYFyifaFfGacoiObjJegolkwSU4xQNGbVgUiNYVUxbQ2x2lUsFvY4hVgVzGiIe6WLOPqycWXA40l+PWsxthUw==}
    dev: false

  /client-oauth2@4.3.3:
    resolution: {integrity: sha512-k8AvUYJon0vv75ufoVo4nALYb/qwFFicO3I0+39C6xEdflqVtr+f9cy+0ZxAduoVSTfhP5DX2tY2XICAd5hy6Q==}
    engines: {node: '>=4.2.0'}
    dependencies:
      popsicle: 12.1.2
      safe-buffer: 5.2.1
    dev: false

  /color-convert@2.0.1:
    resolution: {integrity: sha512-RRECPsj7iu/xb5oKYcsFHSppFNnsj/52OVTRKb4zP5onXwVF3zVmmToNcOfGC+CRDpfK/U584fMg38ZHCaElKQ==}
    engines: {node: '>=7.0.0'}
    dependencies:
      color-name: 1.1.4
    dev: true

  /color-name@1.1.4:
    resolution: {integrity: sha512-dOy+3AuW3a2wNbZHIuMZpTcgjGuLU/uBL/ubcZF9OXbDo8ff4O8yVp5Bf0efS8uEoYo5q4Fx7dY9OgQGXgAsQA==}
    dev: true

  /combined-stream@1.0.8:
    resolution: {integrity: sha512-FQN4MRfuJeHf7cBbBMJFXhKSDq+2kAArBlmRBvcvFE5BB1HZKXtSFASDhdlz9zOYwxh8lDdnvmMOe/+5cdoEdg==}
    engines: {node: '>= 0.8'}
    dependencies:
      delayed-stream: 1.0.0
    dev: false

  /core-util-is@1.0.2:
    resolution: {integrity: sha512-3lqz5YjWTYnW6dlDa5TLaTCcShfar1e40rmcJVwCBJC6mWlFuj0eCHIElmG1g5kyuJ/GD+8Wn4FFCcz4gJPfaQ==}
    dev: false

  /cron@1.7.2:
    resolution: {integrity: sha512-+SaJ2OfeRvfQqwXQ2kgr0Y5pzBR/lijf5OpnnaruwWnmI799JfWr2jN2ItOV9s3A/+TFOt6mxvKzQq5F0Jp6VQ==}
    dependencies:
      moment-timezone: 0.5.48
    dev: false

  /cross-spawn@7.0.6:
    resolution: {integrity: sha512-uV2QOWP2nWzsy2aMp8aRibhi9dlzF5Hgh5SHaB9OiTGEyDTiJJyx0uy51QXdyWbtAHNua4XJzUKca3OzKUd3vA==}
    engines: {node: '>= 8'}
    dependencies:
      path-key: 3.1.1
      shebang-command: 2.0.0
      which: 2.0.2
    dev: true

  /crypto-js@4.1.1:
    resolution: {integrity: sha512-o2JlM7ydqd3Qk9CA0L4NL6mTzU2sdx96a+oOfPu8Mkl/PK51vSyoi8/rQ8NknZtk44vq15lmhAj9CIAGwgeWKw==}
    dev: false

  /dashdash@1.14.1:
    resolution: {integrity: sha512-jRFi8UDGo6j+odZiEpjazZaWqEal3w/basFjQHQEwVtZJGDpxbH1MeYluwCS8Xq5wmLJooDlMgvVarmWfGM44g==}
    engines: {node: '>=0.10'}
    dependencies:
      assert-plus: 1.0.0
    dev: false

  /delayed-stream@1.0.0:
    resolution: {integrity: sha512-ZySD7Nf91aLB0RxL4KGrKHBXl7Eds1DAmEdcoVawXnLD7SDhpNgtuII2aAkg7a7QS41jxPSZ17p4VdGnMHk3MQ==}
    engines: {node: '>=0.4.0'}
    dev: false

  /dunder-proto@1.0.1:
    resolution: {integrity: sha512-KIN/nDJBQRcXw0MLVhZE9iQHmG68qAVIBg9CqmUYjmQIhgij9U5MFvrqkUL5FbtyyzZuOeOt0zdeRe4UY7ct+A==}
    engines: {node: '>= 0.4'}
    dependencies:
      call-bind-apply-helpers: 1.0.2
      es-errors: 1.3.0
      gopd: 1.2.0
    dev: false

  /eastasianwidth@0.2.0:
    resolution: {integrity: sha512-I88TYZWc9XiYHRQ4/3c5rjjfgkjhLyW2luGIheGERbNQ6OY7yTybanSpDXZa8y7VUP9YmDcYa+eyq4ca7iLqWA==}
    dev: true

  /ecc-jsbn@0.1.2:
    resolution: {integrity: sha512-eh9O+hwRHNbG4BLTjEl3nw044CkGm5X6LoaCf7LPp7UU8Qrt47JYNi6nPX8xjW97TKGKm1ouctg0QSpZe9qrnw==}
    dependencies:
      jsbn: 0.1.1
      safer-buffer: 2.1.2
    dev: false

  /emoji-regex@8.0.0:
    resolution: {integrity: sha512-MSjYzcWNOA0ewAHpz0MxpYFvwg6yjy1NG3xteoqz644VCo/RPgnr1/GGt+ic3iJTzQ8Eu3TdM14SawnVUmGE6A==}
    dev: true

  /emoji-regex@9.2.2:
    resolution: {integrity: sha512-L18DaJsXSUk2+42pv8mLs5jJT2hqFkFE4j21wOmgbUqsZ2hL72NsUU785g9RXgo3s0ZNgVl42TiHp3ZtOv/Vyg==}
    dev: true

  /es-define-property@1.0.1:
    resolution: {integrity: sha512-e3nRfgfUZ4rNGL232gUgX06QNyyez04KdjFrF+LTRoOXmrOgFKDg4BCdsjW8EnT69eqdYGmRpJwiPVYNrCaW3g==}
    engines: {node: '>= 0.4'}
    dev: false

  /es-errors@1.3.0:
    resolution: {integrity: sha512-Zf5H2Kxt2xjTvbJvP2ZWLEICxA6j+hAmMzIlypy4xcBg1vKVnx89Wy0GbS+kf5cwCVFFzdCFh2XSCFNULS6csw==}
    engines: {node: '>= 0.4'}
    dev: false

  /es-object-atoms@1.1.1:
    resolution: {integrity: sha512-FGgH2h8zKNim9ljj7dankFPcICIK9Cp5bm+c2gQSYePhpaG5+esrLODihIorn+Pe6FGJzWhXQotPv73jTaldXA==}
    engines: {node: '>= 0.4'}
    dependencies:
      es-errors: 1.3.0
    dev: false

  /es-set-tostringtag@2.1.0:
    resolution: {integrity: sha512-j6vWzfrGVfyXxge+O0x5sh6cvxAog0a/4Rdd2K36zCMV5eJ+/+tOAngRO8cODMNWbVRdVlmGZQL2YS3yR8bIUA==}
    engines: {node: '>= 0.4'}
    dependencies:
      es-errors: 1.3.0
      get-intrinsic: 1.3.0
      has-tostringtag: 1.0.2
      hasown: 2.0.2
    dev: false

  /eslint-config-riot@1.0.0:
    resolution: {integrity: sha512-NB/L/1Y30qyJcG5xZxCJKW/+bqyj+llbcCwo9DEz8bESIP0SLTOQ8T1DWCCFc+wJ61AMEstj4511PSScqMMfCw==}
    dev: false

  /extend@3.0.2:
    resolution: {integrity: sha512-fjquC59cD7CyW6urNXK0FBufkZcoiGG80wTuPujX590cB5Ttln20E2UB4S/WARVqhXffZl2LNgS+gQdPIIim/g==}
    dev: false

  /extsprintf@1.3.0:
    resolution: {integrity: sha512-11Ndz7Nv+mvAC1j0ktTa7fAb0vLyGGX+rMHNBYQviQDGU0Hw7lhctJANqbPhu9nV9/izT/IntTgZ7Im/9LJs9g==}
    engines: {'0': node >=0.6.0}
    dev: false

  /fast-deep-equal@3.1.3:
    resolution: {integrity: sha512-f3qQ9oQy9j2AhBe/H9VC91wLmKBCCU/gDOnKNAYG5hswO7BLKj09Hc5HYNz9cGI++xlpDCIgDaitVs03ATR84Q==}
    dev: false

  /fast-json-stable-stringify@2.1.0:
    resolution: {integrity: sha512-lhd/wF+Lk98HZoTCtlVraHtfh5XYijIjalXck7saUtuanSDyLMxnHhSXEDJqHxD7msR8D0uCmqlkwjCV8xvwHw==}
    dev: false

  /file-type@14.7.1:
    resolution: {integrity: sha512-sXAMgFk67fQLcetXustxfKX+PZgHIUFn96Xld9uH8aXPdX3xOp0/jg9OdouVTvQrf7mrn+wAa4jN/y9fUOOiRA==}
    engines: {node: '>=8'}
    dependencies:
      readable-web-to-node-stream: 2.0.0
      strtok3: 6.3.0
      token-types: 2.1.1
      typedarray-to-buffer: 3.1.5
    dev: false

  /flatted@3.3.3:
    resolution: {integrity: sha512-GX+ysw4PBCz0PzosHDepZGANEuFCMLrnRTiEy9McGjmkCQYwRq4A/X786G/fjM/+OjsWSU1ZrY5qyARZmO/uwg==}
    dev: false

  /follow-redirects@1.15.9:
    resolution: {integrity: sha512-gew4GsXizNgdoRyqmyfMHyAmXsZDk6mHkSxZFCzW9gwlbtOW44CDtYavM+y+72qD/Vq2l550kMF52DT8fOLJqQ==}
    engines: {node: '>=4.0'}
    peerDependencies:
      debug: '*'
    peerDependenciesMeta:
      debug:
        optional: true
    dev: false

  /foreground-child@3.3.1:
    resolution: {integrity: sha512-gIXjKqtFuWEgzFRJA9WCQeSJLZDjgJUOMCMzxtvFq/37KojM1BFGufqsCy0r4qSQmYLsZYMeyRqzIWOMup03sw==}
    engines: {node: '>=14'}
    dependencies:
      cross-spawn: 7.0.6
      signal-exit: 4.1.0
    dev: true

  /forever-agent@0.6.1:
    resolution: {integrity: sha512-j0KLYPhm6zeac4lz3oJ3o65qvgQCcPubiyotZrXqEaG4hNagNYO8qdlUrX5vwqv9ohqeT/Z3j6+yW067yWWdUw==}
    dev: false

  /form-data@2.3.3:
    resolution: {integrity: sha512-1lLKB2Mu3aGP1Q/2eCOx0fNbRMe7XdwktwOruhfqqd0rIJWwN4Dh+E3hrPSlDCXnSR7UtZ1N38rVXm+6+MEhJQ==}
    engines: {node: '>= 0.12'}
    dependencies:
      asynckit: 0.4.0
      combined-stream: 1.0.8
      mime-types: 2.1.35
    dev: false

  /form-data@4.0.2:
    resolution: {integrity: sha512-hGfm/slu0ZabnNt4oaRZ6uREyfCj6P4fT/n6A1rGV+Z0VdGXjfOhVUpkn6qVQONHGIFwmveGXyDs75+nr6FM8w==}
    engines: {node: '>= 6'}
    dependencies:
      asynckit: 0.4.0
      combined-stream: 1.0.8
      es-set-tostringtag: 2.1.0
      mime-types: 2.1.35
    dev: false

  /function-bind@1.1.2:
    resolution: {integrity: sha512-7XHNxH7qX9xG5mIwxkhumTox/MIRNcOgDrxWsMt2pAr23WHp6MrRlN7FBSFpCpr+oVO0F744iUgR82nJMfG2SA==}
    dev: false

  /get-intrinsic@1.3.0:
    resolution: {integrity: sha512-9fSjSaos/fRIVIp+xSJlE6lfwhES7LNtKaCBIamHsjr2na1BiABJPo0mOjjz8GJDURarmCPGqaiVg5mfjb98CQ==}
    engines: {node: '>= 0.4'}
    dependencies:
      call-bind-apply-helpers: 1.0.2
      es-define-property: 1.0.1
      es-errors: 1.3.0
      es-object-atoms: 1.1.1
      function-bind: 1.1.2
      get-proto: 1.0.1
      gopd: 1.2.0
      has-symbols: 1.1.0
      hasown: 2.0.2
      math-intrinsics: 1.1.0
    dev: false

  /get-proto@1.0.1:
    resolution: {integrity: sha512-sTSfBjoXBp89JvIKIefqw7U2CCebsc74kiY6awiGogKtoSGbgjYE/G/+l9sF3MWFPNc9IcoOC4ODfKHfxFmp0g==}
    engines: {node: '>= 0.4'}
    dependencies:
      dunder-proto: 1.0.1
      es-object-atoms: 1.1.1
    dev: false

  /getpass@0.1.7:
    resolution: {integrity: sha512-0fzj9JxOLfJ+XGLhR8ze3unN0KZCgZwiSSDz168VERjK8Wl8kVSdcu2kspd4s4wtAa1y/qrVRiAA0WclVsu0ng==}
    dependencies:
      assert-plus: 1.0.0
    dev: false

  /glob@11.0.2:
    resolution: {integrity: sha512-YT7U7Vye+t5fZ/QMkBFrTJ7ZQxInIUjwyAjVj84CYXqgBdv30MFUPGnBR6sQaVq6Is15wYJUsnzTuWaGRBhBAQ==}
    engines: {node: 20 || >=22}
    hasBin: true
    dependencies:
      foreground-child: 3.3.1
      jackspeak: 4.1.1
      minimatch: 10.0.1
      minipass: 7.1.2
      package-json-from-dist: 1.0.1
      path-scurry: 2.0.0
    dev: true

  /gopd@1.2.0:
    resolution: {integrity: sha512-ZUKRh6/kUFoAiTAtTYPZJ3hw9wNxx+BIBOijnlG9PnrJsCcSjs1wyyD6vJpaYtgnzDrKYRSqf3OO6Rfa93xsRg==}
    engines: {node: '>= 0.4'}
    dev: false

  /har-schema@2.0.0:
    resolution: {integrity: sha512-Oqluz6zhGX8cyRaTQlFMPw80bSJVG2x/cFb8ZPhUILGgHka9SsokCCOQgpveePerqidZOrT14ipqfJb7ILcW5Q==}
    engines: {node: '>=4'}
    dev: false

  /har-validator@5.1.5:
    resolution: {integrity: sha512-nmT2T0lljbxdQZfspsno9hgrG3Uir6Ks5afism62poxqBM6sDnMEuPmzTq8XN0OEwqKLLdh1jQI3qyE66Nzb3w==}
    engines: {node: '>=6'}
    deprecated: this library is no longer supported
    dependencies:
      ajv: 6.12.6
      har-schema: 2.0.0
    dev: false

  /has-symbols@1.1.0:
    resolution: {integrity: sha512-1cDNdwJ2Jaohmb3sg4OmKaMBwuC48sYni5HUw2DvsC8LjGTLK9h+eb1X6RyuOHe4hT0ULCW68iomhjUoKUqlPQ==}
    engines: {node: '>= 0.4'}
    dev: false

  /has-tostringtag@1.0.2:
    resolution: {integrity: sha512-NqADB8VjPFLM2V0VvHUewwwsw0ZWBaIdgo+ieHtK3hasLz4qeCRjYcqfB6AQrBggRKppKF8L52/VqdVsO47Dlw==}
    engines: {node: '>= 0.4'}
    dependencies:
      has-symbols: 1.1.0
    dev: false

  /hasown@2.0.2:
    resolution: {integrity: sha512-0hJU9SCPvmMzIBdZFqNPXWa6dqh7WdH0cII9y+CyS8rG3nL48Bclra9HmKhVVUHyPWNH5Y7xDwAB7bfgSjkUMQ==}
    engines: {node: '>= 0.4'}
    dependencies:
      function-bind: 1.1.2
    dev: false

  /http-signature@1.2.0:
    resolution: {integrity: sha512-CAbnr6Rz4CYQkLYUtSNXxQPUH2gK8f3iWexVlsnMeD+GjlsQ0Xsy1cOX+mN3dtxYomRy21CiOzU8Uhw6OwncEQ==}
    engines: {node: '>=0.8', npm: '>=1.3.7'}
    dependencies:
      assert-plus: 1.0.0
      jsprim: 1.4.2
      sshpk: 1.18.0
    dev: false

  /ieee754@1.2.1:
    resolution: {integrity: sha512-dcyqhDvX1C46lXZcVqCpK+FtMRQVdIMN6/Df5js2zouUsqG7I6sFxitIC+7KYK29KdXOLHdu9zL4sFnoVQnqaA==}
    dev: false

  /is-fullwidth-code-point@3.0.0:
    resolution: {integrity: sha512-zymm5+u+sCsSWyD9qNaejV3DFvhCKclKdizYaJUuHA83RLjb7nSuGnddCHGv0hk+KY7BMAlsWeK4Ueg6EV6XQg==}
    engines: {node: '>=8'}
    dev: true

  /is-typedarray@1.0.0:
    resolution: {integrity: sha512-cyA56iCMHAh5CdzjJIa4aohJyeO1YbwLi3Jc35MmRU6poroFjIGZzUzupGiRPOjgHg9TLu43xbpwXk523fMxKA==}
    dev: false

  /isexe@2.0.0:
    resolution: {integrity: sha512-RHxMLp9lnKHGHRng9QFhRCMbYAcVpn69smSGcq3f36xjgVVWThj4qqLbTLlq7Ssj8B+fIQ1EuCEGI2lKsyQeIw==}
    dev: true

  /isstream@0.1.2:
    resolution: {integrity: sha512-Yljz7ffyPbrLpLngrMtZ7NduUgVvi6wG9RJ9IUcyCd59YQ911PBJphODUcbOVbqYfxe1wuYf/LJ8PauMRwsM/g==}
    dev: false

  /jackspeak@4.1.1:
    resolution: {integrity: sha512-zptv57P3GpL+O0I7VdMJNBZCu+BPHVQUk55Ft8/QCJjTVxrnJHuVuX/0Bl2A6/+2oyR/ZMEuFKwmzqqZ/U5nPQ==}
    engines: {node: 20 || >=22}
    dependencies:
      '@isaacs/cliui': 8.0.2
    dev: true

  /jmespath@0.16.0:
    resolution: {integrity: sha512-9FzQjJ7MATs1tSpnco1K6ayiYE3figslrXA72G2HQ/n76RzvYlofyi5QM+iX4YRs/pu3yzxlVQSST23+dMDknw==}
    engines: {node: '>= 0.6.0'}
    dev: false

  /jsbn@0.1.1:
    resolution: {integrity: sha512-UVU9dibq2JcFWxQPA6KCqj5O42VOmAY3zQUfEKxU0KpTGXwNoCjkX1e13eHNvw/xPynt6pU0rZ1htjWTNTSXsg==}
    dev: false

  /json-schema-traverse@0.4.1:
    resolution: {integrity: sha512-xbbCH5dCYU5T8LcEhhuh7HJ88HXuW3qsI3Y0zOZFKfZEHcpWiHU/Jxzk629Brsab/mMiHQti9wMP+845RPe3Vg==}
    dev: false

  /json-schema@0.4.0:
    resolution: {integrity: sha512-es94M3nTIfsEPisRafak+HDLfHXnKBhV3vU5eqPcS3flIWqcxJWgXHXiey3YrpaNsanY5ei1VoYEbOzijuq9BA==}
    dev: false

  /json-stringify-safe@5.0.1:
    resolution: {integrity: sha512-ZClg6AaYvamvYEE82d3Iyd3vSSIjQ+odgjaTzRuO3s7toCdFKczob2i0zCh7JE8kWn17yvAWhUVxvqGwUalsRA==}
    dev: false

  /jsprim@1.4.2:
    resolution: {integrity: sha512-P2bSOMAc/ciLz6DzgjVlGJP9+BrJWu5UDGK70C2iweC5QBIeFf0ZXRvGjEj2uYgrY2MkAAhsSWHDWlFtEroZWw==}
    engines: {node: '>=0.6.0'}
    dependencies:
      assert-plus: 1.0.0
      extsprintf: 1.3.0
      json-schema: 0.4.0
      verror: 1.10.0
    dev: false

  /lodash.get@4.4.2:
    resolution: {integrity: sha512-z+Uw/vLuy6gQe8cfaFWD7p0wVv8fJl3mbzXh33RS+0oW2wvUqiRXiQ69gLWSLpgB5/6sU+r6BlQR0MBILadqTQ==}
    deprecated: This package is deprecated. Use the optional chaining (?.) operator instead.
    dev: false

  /lodash.isequal@4.5.0:
    resolution: {integrity: sha512-pDo3lu8Jhfjqls6GkMgpahsF9kCyayhgykjyLMNFTKWrpVdAQtYyB4muAMWozBB4ig/dtWAmsMxLEI8wuz+DYQ==}
    deprecated: This package is deprecated. Use require('node:util').isDeepStrictEqual instead.
    dev: false

  /lodash.merge@4.6.2:
    resolution: {integrity: sha512-0KpjqXRVvrYyCsX1swR/XTK0va6VQkQM6MNo7PqW77ByjAhoARA8EfrP1N4+KlKj8YS0ZUCtRT/YUuhyYDujIQ==}
    dev: false

  /lodash.set@4.3.2:
    resolution: {integrity: sha512-4hNPN5jlm/N/HLMCO43v8BXKq9Z7QdAGc/VGrRD61w8gN9g/6jF9A4L1pbUgBLCffi0w9VsXfTOij5x8iTyFvg==}
    dev: false

  /lodash@4.17.21:
    resolution: {integrity: sha512-v2kDEe57lecTulaDIuNTPy3Ry4gLGJ6Z1O3vE1krgXZNrsQ+LFTGHVxVjcXPs17LhbZVGedAJv8XZ1tvj5FvSg==}
    dev: false

  /lru-cache@11.1.0:
    resolution: {integrity: sha512-QIXZUBJUx+2zHUdQujWejBkcD9+cs94tLn0+YL8UrCh+D5sCXZ4c7LaEH48pNwRY3MLDgqUFyhlCyjJPf1WP0A==}
    engines: {node: 20 || >=22}
    dev: true

  /luxon@2.5.2:
    resolution: {integrity: sha512-Yg7/RDp4nedqmLgyH0LwgGRvMEKVzKbUdkBYyCosbHgJ+kaOUx0qzSiSatVc3DFygnirTPYnMM2P5dg2uH1WvA==}
    engines: {node: '>=12'}
    dev: false

  /make-error-cause@2.3.0:
    resolution: {integrity: sha512-etgt+n4LlOkGSJbBTV9VROHA5R7ekIPS4vfh+bCAoJgRrJWdqJCBbpS3osRJ/HrT7R68MzMiY3L3sDJ/Fd8aBg==}
    dependencies:
      make-error: 1.3.6
    dev: false

  /make-error@1.3.6:
    resolution: {integrity: sha512-s8UhlNe7vPKomQhC1qFelMokr/Sc3AgNbso3n74mVPA5LTZwkB9NlXf4XPamLxJE8h0gh73rM94xvwRT2CVInw==}
    dev: false

  /math-intrinsics@1.1.0:
    resolution: {integrity: sha512-/IXtbwEk5HTPyEwyKX6hGkYXxM9nbj64B+ilVJnC/R6B0pH5G4V3b0pVbL7DBj4tkhBAppbQUlf6F6Xl9LHu1g==}
    engines: {node: '>= 0.4'}
    dev: false

  /mime-db@1.52.0:
    resolution: {integrity: sha512-sPU4uV7dYlvtWJxwwxHD0PuihVNiE7TyAbQ5SWxDCB9mUYvOgroQOwYQQOKPJ8CIbE+1ETVlOoK1UC2nU3gYvg==}
    engines: {node: '>= 0.6'}
    dev: false

  /mime-types@2.1.35:
    resolution: {integrity: sha512-ZDY+bPm5zTTF+YpCrAU9nK0UgICYPT0QtT1NZWFv4s++TNkcgVaT0g6+4R2uI4MjQjzysHB1zxuWL50hzaeXiw==}
    engines: {node: '>= 0.6'}
    dependencies:
      mime-db: 1.52.0
    dev: false

  /minimatch@10.0.1:
    resolution: {integrity: sha512-ethXTt3SGGR+95gudmqJ1eNhRO7eGEGIgYA9vnPatK4/etz2MEVDno5GMCibdMTuBMyElzIlgxMna3K94XDIDQ==}
    engines: {node: 20 || >=22}
    dependencies:
      brace-expansion: 2.0.1
    dev: true

  /minipass@7.1.2:
    resolution: {integrity: sha512-qOOzS1cBTWYF4BH8fVePDBOO9iptMnGUEZwNc/cMWnTV2nVLZ7VoNWEPHkYczZA0pdoA7dl6e7FL659nX9S2aw==}
    engines: {node: '>=16 || 14 >=14.17'}
    dev: true

  /moment-timezone@0.5.48:
    resolution: {integrity: sha512-f22b8LV1gbTO2ms2j2z13MuPogNoh5UzxL3nzNAYKGraILnbGc9NEE6dyiiiLv46DGRb8A4kg8UKWLjPthxBHw==}
    dependencies:
      moment: 2.30.1
    dev: false

  /moment@2.30.1:
    resolution: {integrity: sha512-uEmtNhbDOrWPFS+hdjFCBfy9f2YoyzRpwcl+DqpC6taX21FzsTLQVbMV/W7PzNSX6x/bhC1zA3c2UQ5NzH6how==}
    dev: false

  /n8n-core@0.100.0:
    resolution: {integrity: sha512-eS9QgC9LEMGNgEwg1BkTY6NNAUBKwsHi387qjrGm3GtTu+fbR1qaC9RaErF7tpqa+IaSb6/zivacPermQmV3yw==}
    dependencies:
      axios: 0.21.4
      client-oauth2: 4.3.3
      cron: 1.7.2
      crypto-js: 4.1.1
      file-type: 14.7.1
      flatted: 3.3.3
      form-data: 4.0.2
      lodash.get: 4.4.2
      mime-types: 2.1.35
      n8n-workflow: 0.82.0
      oauth-1.0a: 2.2.6
      p-cancelable: 2.1.1
      qs: 6.14.0
      request: 2.88.2
      request-promise-native: 1.0.9(request@2.88.2)
      uuid: 8.3.2
    transitivePeerDependencies:
      - debug
    dev: false

  /n8n-workflow@0.100.0:
    resolution: {integrity: sha512-GmayFGh0oLEF5ZBpGOnCNOZwyr8eH8aT6KbfzZklW/sdx3IfQucuUSYEY6A21jb5HEF8yiZeCfce7OAfwmpKOA==}
    dependencies:
      jmespath: 0.16.0
      lodash.get: 4.4.2
      lodash.isequal: 4.5.0
      lodash.merge: 4.6.2
      lodash.set: 4.3.2
      luxon: 2.5.2
      riot-tmpl: 3.0.8
      xml2js: 0.4.23
    dev: false

  /n8n-workflow@0.82.0:
    resolution: {integrity: sha512-cO23wWhGNPan+85K/w58GSAbszxw9wHkD/GWF2sqMITsZHTUOpaQaeACjtJ2GJGYqP2ckoTCYR8JFY6CHJJUYw==}
    dependencies:
      lodash.get: 4.4.2
      lodash.isequal: 4.5.0
      riot-tmpl: 3.0.8
      xml2js: 0.4.23
    dev: false

  /oauth-1.0a@2.2.6:
    resolution: {integrity: sha512-6bkxv3N4Gu5lty4viIcIAnq5GbxECviMBeKR3WX/q87SPQ8E8aursPZUtsXDnxCs787af09WPRBLqYrf/lwoYQ==}
    dev: false

  /oauth-sign@0.9.0:
    resolution: {integrity: sha512-fexhUFFPTGV8ybAtSIGbV6gOkSv8UtRbDBnAyLQw4QPKkgNlsH2ByPGtMUqdWkos6YCRmAqViwgZrJc/mRDzZQ==}
    dev: false

  /object-inspect@1.13.4:
    resolution: {integrity: sha512-W67iLl4J2EXEGTbfeHCffrjDfitvLANg0UlX3wFUUSTx92KXRFegMHUVgSqE+wvhAbi4WqjGg9czysTV2Epbew==}
    engines: {node: '>= 0.4'}
    dev: false

  /p-cancelable@2.1.1:
    resolution: {integrity: sha512-BZOr3nRQHOntUjTrH8+Lh54smKHoHyur8We1V8DSMVrl5A2malOOwuJRnKRDjSnkoeBh4at6BwEnb5I7Jl31wg==}
    engines: {node: '>=8'}
    dev: false

  /package-json-from-dist@1.0.1:
    resolution: {integrity: sha512-UEZIS3/by4OC8vL3P2dTXRETpebLI2NiI5vIrjaD/5UtrkFX/tNbwjTSRAGC/+7CAo2pIcBaRgWmcBBHcsaCIw==}
    dev: true

  /path-key@3.1.1:
    resolution: {integrity: sha512-ojmeN0qd+y0jszEtoY48r0Peq5dwMEkIlCOu6Q5f41lfkswXuKtYrhgoTpLnyIcHm24Uhqx+5Tqm2InSwLhE6Q==}
    engines: {node: '>=8'}
    dev: true

  /path-scurry@2.0.0:
    resolution: {integrity: sha512-ypGJsmGtdXUOeM5u93TyeIEfEhM6s+ljAhrk5vAvSx8uyY/02OvrZnA0YNGUrPXfpJMgI1ODd3nwz8Npx4O4cg==}
    engines: {node: 20 || >=22}
    dependencies:
      lru-cache: 11.1.0
      minipass: 7.1.2
    dev: true

  /peek-readable@4.1.0:
    resolution: {integrity: sha512-ZI3LnwUv5nOGbQzD9c2iDG6toheuXSZP5esSHBjopsXH4dg19soufvpUGA3uohi5anFtGb2lhAVdHzH6R/Evvg==}
    engines: {node: '>=8'}
    dev: false

  /performance-now@2.1.0:
    resolution: {integrity: sha512-7EAHlyLHI56VEIdK57uwHdHKIaAGbnXPiw0yWbarQZOKaKpvUIgW0jWRVLiatnM+XXlSwsanIBH/hzGMJulMow==}
    dev: false

  /popsicle-content-encoding@1.0.0(servie@4.3.3):
    resolution: {integrity: sha512-4Df+vTfM8wCCJVTzPujiI6eOl3SiWQkcZg0AMrOkD1enMXsF3glIkFUZGvour1Sj7jOWCsNSEhBxpbbhclHhzw==}
    peerDependencies:
      servie: ^4.0.0
    dependencies:
      servie: 4.3.3
    dev: false

  /popsicle-cookie-jar@1.0.1(servie@4.3.3):
    resolution: {integrity: sha512-QVIZhADP8nDbXIQW6wq8GU9IOSE8INUACO/9KD9TFKQ7qq8r/y3qUDz59xIi6p6TH19lCJJyBAPSXP1liIoySw==}
    engines: {node: '>=8'}
    peerDependencies:
      servie: ^4.0.0
    dependencies:
      '@types/tough-cookie': 4.0.5
      servie: 4.3.3
      tough-cookie: 4.1.4
    dev: false

  /popsicle-redirects@1.1.1(servie@4.3.3):
    resolution: {integrity: sha512-mC2HrKjdTAWDalOjGxlXw9j6Qxrz/Yd2ui6bPxpi2IQDYWpF4gUAMxbA8EpSWJhLi0PuWKDwTHHPrUPGutAoIA==}
    peerDependencies:
      servie: ^4.1.0
    dependencies:
      servie: 4.3.3
    dev: false

  /popsicle-transport-http@1.2.1(servie@4.3.3):
    resolution: {integrity: sha512-i5r3IGHkGiBDm1oPFvOfEeSGWR0lQJcsdTqwvvDjXqcTHYJJi4iSi3ecXIttDiTBoBtRAFAE9nF91fspQr63FQ==}
    peerDependencies:
      servie: ^4.2.0
    dependencies:
      make-error-cause: 2.3.0
      servie: 4.3.3
    dev: false

  /popsicle-transport-xhr@2.0.0(servie@4.3.3):
    resolution: {integrity: sha512-5Sbud4Widngf1dodJE5cjEYXkzEUIl8CzyYRYR57t6vpy9a9KPGQX6KBKdPjmBZlR5A06pOBXuJnVr23l27rtA==}
    peerDependencies:
      servie: ^4.2.0
    dependencies:
      servie: 4.3.3
    dev: false

  /popsicle-user-agent@1.0.0(servie@4.3.3):
    resolution: {integrity: sha512-epKaq3TTfTzXcxBxjpoKYMcTTcAX8Rykus6QZu77XNhJuRHSRxMd+JJrbX/3PFI0opFGSN0BabbAYCbGxbu0mA==}
    peerDependencies:
      servie: ^4.0.0
    dependencies:
      servie: 4.3.3
    dev: false

  /popsicle@12.1.2:
    resolution: {integrity: sha512-xE2vEUa15TiHvFhGmKTtdKk9aSLL5CHX8Vw5kHfVM3R0YHiaTon6Ybsamw0XYqMR+Ng2RijX88iYUKPBMpLBww==}
    engines: {node: '>=8'}
    dependencies:
      popsicle-content-encoding: 1.0.0(servie@4.3.3)
      popsicle-cookie-jar: 1.0.1(servie@4.3.3)
      popsicle-redirects: 1.1.1(servie@4.3.3)
      popsicle-transport-http: 1.2.1(servie@4.3.3)
      popsicle-transport-xhr: 2.0.0(servie@4.3.3)
      popsicle-user-agent: 1.0.0(servie@4.3.3)
      servie: 4.3.3
      throwback: 4.1.0
    dev: false

  /psl@1.15.0:
    resolution: {integrity: sha512-JZd3gMVBAVQkSs6HdNZo9Sdo0LNcQeMNP3CozBJb3JYC/QUYZTnKxP+f8oWRX4rHP5EurWxqAHTSwUCjlNKa1w==}
    dependencies:
      punycode: 2.3.1
    dev: false

  /punycode@2.3.1:
    resolution: {integrity: sha512-vYt7UD1U9Wg6138shLtLOvdAu+8DsC/ilFtEVHcH+wydcSpNE20AfSOduf6MkRFahL5FY7X1oU7nKVZFtfq8Fg==}
    engines: {node: '>=6'}
    dev: false

  /qs@6.14.0:
    resolution: {integrity: sha512-YWWTjgABSKcvs/nWBi9PycY/JiPJqOD4JA6o9Sej2AtvSGarXxKC3OQSk4pAarbdQlKAh5D4FCQkJNkW+GAn3w==}
    engines: {node: '>=0.6'}
    dependencies:
      side-channel: 1.1.0
    dev: false

  /qs@6.5.3:
    resolution: {integrity: sha512-qxXIEh4pCGfHICj1mAJQ2/2XVZkjCDTcEgfoSQxc/fYivUZxTkk7L3bDBJSoNrEzXI17oUO5Dp07ktqE5KzczA==}
    engines: {node: '>=0.6'}
    dev: false

  /querystringify@2.2.0:
    resolution: {integrity: sha512-FIqgj2EUvTa7R50u0rGsyTftzjYmv/a3hO345bZNrqabNqjtgiDMgmo4mkUjd+nzU5oF3dClKqFIPUKybUyqoQ==}
    dev: false

  /readable-web-to-node-stream@2.0.0:
    resolution: {integrity: sha512-+oZJurc4hXpaaqsN68GoZGQAQIA3qr09Or4fqEsargABnbe5Aau8hFn6ISVleT3cpY/0n/8drn7huyyEvTbghA==}
    dev: false

  /request-promise-core@1.1.4(request@2.88.2):
    resolution: {integrity: sha512-TTbAfBBRdWD7aNNOoVOBH4pN/KigV6LyapYNNlAPA8JwbovRti1E88m3sYAwsLi5ryhPKsE9APwnjFTgdUjTpw==}
    engines: {node: '>=0.10.0'}
    peerDependencies:
      request: ^2.34
    dependencies:
      lodash: 4.17.21
      request: 2.88.2
    dev: false

  /request-promise-native@1.0.9(request@2.88.2):
    resolution: {integrity: sha512-wcW+sIUiWnKgNY0dqCpOZkUbF/I+YPi+f09JZIDa39Ec+q82CpSYniDp+ISgTTbKmnpJWASeJBPZmoxH84wt3g==}
    engines: {node: '>=0.12.0'}
    deprecated: request-promise-native has been deprecated because it extends the now deprecated request package, see https://github.com/request/request/issues/3142
    peerDependencies:
      request: ^2.34
    dependencies:
      request: 2.88.2
      request-promise-core: 1.1.4(request@2.88.2)
      stealthy-require: 1.1.1
      tough-cookie: 2.5.0
    dev: false

  /request@2.88.2:
    resolution: {integrity: sha512-MsvtOrfG9ZcrOwAW+Qi+F6HbD0CWXEh9ou77uOb7FM2WPhwT7smM833PzanhJLsgXjN89Ir6V2PczXNnMpwKhw==}
    engines: {node: '>= 6'}
    deprecated: request has been deprecated, see https://github.com/request/request/issues/3142
    dependencies:
      aws-sign2: 0.7.0
      aws4: 1.13.2
      caseless: 0.12.0
      combined-stream: 1.0.8
      extend: 3.0.2
      forever-agent: 0.6.1
      form-data: 2.3.3
      har-validator: 5.1.5
      http-signature: 1.2.0
      is-typedarray: 1.0.0
      isstream: 0.1.2
      json-stringify-safe: 5.0.1
      mime-types: 2.1.35
      oauth-sign: 0.9.0
      performance-now: 2.1.0
      qs: 6.5.3
      safe-buffer: 5.2.1
      tough-cookie: 2.5.0
      tunnel-agent: 0.6.0
      uuid: 3.4.0
    dev: false

  /requires-port@1.0.0:
    resolution: {integrity: sha512-KigOCHcocU3XODJxsu8i/j8T9tzT4adHiecwORRQ0ZZFcp7ahwXuRU1m+yuO90C5ZUyGeGfocHDI14M3L3yDAQ==}
    dev: false

  /rimraf@6.0.1:
    resolution: {integrity: sha512-9dkvaxAsk/xNXSJzMgFqqMCuFgt2+KsOFek3TMLfo8NCPfWpBmqwyNn5Y+NX56QUYfCtsyhF3ayiboEoUmJk/A==}
    engines: {node: 20 || >=22}
    hasBin: true
    dependencies:
      glob: 11.0.2
      package-json-from-dist: 1.0.1
    dev: true

  /riot-tmpl@3.0.8:
    resolution: {integrity: sha512-ngv48VQ58LMtuNrXnELxODsRUJ3NxcGQkL2yJPj5cy8WAgGgK+rarEFwfLoRdAfh76ipWiPrYL4nZ2nfW87lJw==}
    dependencies:
      eslint-config-riot: 1.0.0
    dev: false

  /safe-buffer@5.2.1:
    resolution: {integrity: sha512-rp3So07KcdmmKbGvgaNxQSJr7bGVSVk5S9Eq1F+ppbRo70+YeaDxkw5Dd8NPN+GD6bjnYm2VuPuCXmpuYvmCXQ==}
    dev: false

  /safer-buffer@2.1.2:
    resolution: {integrity: sha512-YZo3K82SD7Riyi0E1EQPojLz7kpepnSQI9IyPbHHg1XXXevb5dJI7tpyN2ADxGcQbHG7vcyRHk0cbwqcQriUtg==}
    dev: false

  /sax@1.4.1:
    resolution: {integrity: sha512-+aWOz7yVScEGoKNd4PA10LZ8sk0A/z5+nXQG5giUO5rprX9jgYsTdov9qCchZiPIZezbZH+jRut8nPodFAX4Jg==}
    dev: false

  /servie@4.3.3:
    resolution: {integrity: sha512-b0IrY3b1gVMsWvJppCf19g1p3JSnS0hQi6xu4Hi40CIhf0Lx8pQHcvBL+xunShpmOiQzg1NOia812NAWdSaShw==}
    dependencies:
      '@servie/events': 1.0.0
      byte-length: 1.0.2
      ts-expect: 1.3.0
    dev: false

  /shebang-command@2.0.0:
    resolution: {integrity: sha512-kHxr2zZpYtdmrN1qDjrrX/Z1rR1kG8Dx+gkpK1G4eXmvXswmcE1hTWBWYUzlraYw1/yZp6YuDY77YtvbN0dmDA==}
    engines: {node: '>=8'}
    dependencies:
      shebang-regex: 3.0.0
    dev: true

  /shebang-regex@3.0.0:
    resolution: {integrity: sha512-7++dFhtcx3353uBaq8DDR4NuxBetBzC7ZQOhmTQInHEd6bSrXdiEyzCvG07Z44UYdLShWUyXt5M/yhz8ekcb1A==}
    engines: {node: '>=8'}
    dev: true

  /side-channel-list@1.0.0:
    resolution: {integrity: sha512-FCLHtRD/gnpCiCHEiJLOwdmFP+wzCmDEkc9y7NsYxeF4u7Btsn1ZuwgwJGxImImHicJArLP4R0yX4c2KCrMrTA==}
    engines: {node: '>= 0.4'}
    dependencies:
      es-errors: 1.3.0
      object-inspect: 1.13.4
    dev: false

  /side-channel-map@1.0.1:
    resolution: {integrity: sha512-VCjCNfgMsby3tTdo02nbjtM/ewra6jPHmpThenkTYh8pG9ucZ/1P8So4u4FGBek/BjpOVsDCMoLA/iuBKIFXRA==}
    engines: {node: '>= 0.4'}
    dependencies:
      call-bound: 1.0.4
      es-errors: 1.3.0
      get-intrinsic: 1.3.0
      object-inspect: 1.13.4
    dev: false

  /side-channel-weakmap@1.0.2:
    resolution: {integrity: sha512-WPS/HvHQTYnHisLo9McqBHOJk2FkHO/tlpvldyrnem4aeQp4hai3gythswg6p01oSoTl58rcpiFAjF2br2Ak2A==}
    engines: {node: '>= 0.4'}
    dependencies:
      call-bound: 1.0.4
      es-errors: 1.3.0
      get-intrinsic: 1.3.0
      object-inspect: 1.13.4
      side-channel-map: 1.0.1
    dev: false

  /side-channel@1.1.0:
    resolution: {integrity: sha512-ZX99e6tRweoUXqR+VBrslhda51Nh5MTQwou5tnUDgbtyM0dBgmhEDtWGP/xbKn6hqfPRHujUNwz5fy/wbbhnpw==}
    engines: {node: '>= 0.4'}
    dependencies:
      es-errors: 1.3.0
      object-inspect: 1.13.4
      side-channel-list: 1.0.0
      side-channel-map: 1.0.1
      side-channel-weakmap: 1.0.2
    dev: false

  /signal-exit@4.1.0:
    resolution: {integrity: sha512-bzyZ1e88w9O1iNJbKnOlvYTrWPDl46O1bG0D3XInv+9tkPrxrN8jUUTiFlDkkmKWgn1M6CfIA13SuGqOa9Korw==}
    engines: {node: '>=14'}
    dev: true

  /sshpk@1.18.0:
    resolution: {integrity: sha512-2p2KJZTSqQ/I3+HX42EpYOa2l3f8Erv8MWKsy2I9uf4wA7yFIkXRffYdsx86y6z4vHtV8u7g+pPlr8/4ouAxsQ==}
    engines: {node: '>=0.10.0'}
    hasBin: true
    dependencies:
      asn1: 0.2.6
      assert-plus: 1.0.0
      bcrypt-pbkdf: 1.0.2
      dashdash: 1.14.1
      ecc-jsbn: 0.1.2
      getpass: 0.1.7
      jsbn: 0.1.1
      safer-buffer: 2.1.2
      tweetnacl: 0.14.5
    dev: false

  /stealthy-require@1.1.1:
    resolution: {integrity: sha512-ZnWpYnYugiOVEY5GkcuJK1io5V8QmNYChG62gSit9pQVGErXtrKuPC55ITaVSukmMta5qpMU7vqLt2Lnni4f/g==}
    engines: {node: '>=0.10.0'}
    dev: false

  /string-width@4.2.3:
    resolution: {integrity: sha512-wKyQRQpjJ0sIp62ErSZdGsjMJWsap5oRNihHhu6G7JVO/9jIB6UyevL+tXuOqrng8j/cxKTWyWUwvSTriiZz/g==}
    engines: {node: '>=8'}
    dependencies:
      emoji-regex: 8.0.0
      is-fullwidth-code-point: 3.0.0
      strip-ansi: 6.0.1
    dev: true

  /string-width@5.1.2:
    resolution: {integrity: sha512-HnLOCR3vjcY8beoNLtcjZ5/nxn2afmME6lhrDrebokqMap+XbeW8n9TXpPDOqdGK5qcI3oT0GKTW6wC7EMiVqA==}
    engines: {node: '>=12'}
    dependencies:
      eastasianwidth: 0.2.0
      emoji-regex: 9.2.2
      strip-ansi: 7.1.0
    dev: true

  /strip-ansi@6.0.1:
    resolution: {integrity: sha512-Y38VPSHcqkFrCpFnQ9vuSXmquuv5oXOKpGeT6aGrr3o3Gc9AlVa6JBfUSOCnbxGGZF+/0ooI7KrPuUSztUdU5A==}
    engines: {node: '>=8'}
    dependencies:
      ansi-regex: 5.0.1
    dev: true

  /strip-ansi@7.1.0:
    resolution: {integrity: sha512-iq6eVVI64nQQTRYq2KtEg2d2uU7LElhTJwsH4YzIHZshxlgZms/wIc4VoDQTlG/IvVIrBKG06CrZnp0qv7hkcQ==}
    engines: {node: '>=12'}
    dependencies:
      ansi-regex: 6.1.0
    dev: true

  /strtok3@6.3.0:
    resolution: {integrity: sha512-fZtbhtvI9I48xDSywd/somNqgUHl2L2cstmXCCif0itOf96jeW18MBSyrLuNicYQVkvpOxkZtkzujiTJ9LW5Jw==}
    engines: {node: '>=10'}
    dependencies:
      '@tokenizer/token': 0.3.0
      peek-readable: 4.1.0
    dev: false

  /throwback@4.1.0:
    resolution: {integrity: sha512-dLFe8bU8SeH0xeqeKL7BNo8XoPC/o91nz9/ooeplZPiso+DZukhoyZcSz9TFnUNScm+cA9qjU1m1853M6sPOng==}
    dev: false

  /token-types@2.1.1:
    resolution: {integrity: sha512-wnQcqlreS6VjthyHO3Y/kpK/emflxDBNhlNUPfh7wE39KnuDdOituXomIbyI79vBtF0Ninpkh72mcuRHo+RG3Q==}
    engines: {node: '>=0.1.98'}
    dependencies:
      '@tokenizer/token': 0.1.1
      ieee754: 1.2.1
    dev: false

  /tough-cookie@2.5.0:
    resolution: {integrity: sha512-nlLsUzgm1kfLXSXfRZMc1KLAugd4hqJHDTvc2hDIwS3mZAfMEuMbc03SujMF+GEcpaX/qboeycw6iO8JwVv2+g==}
    engines: {node: '>=0.8'}
    dependencies:
      psl: 1.15.0
      punycode: 2.3.1
    dev: false

  /tough-cookie@4.1.4:
    resolution: {integrity: sha512-Loo5UUvLD9ScZ6jh8beX1T6sO1w2/MpCRpEP7V280GKMVUQ0Jzar2U3UJPsrdbziLEMMhu3Ujnq//rhiFuIeag==}
    engines: {node: '>=6'}
    dependencies:
      psl: 1.15.0
      punycode: 2.3.1
      universalify: 0.2.0
      url-parse: 1.5.10
    dev: false

  /ts-expect@1.3.0:
    resolution: {integrity: sha512-e4g0EJtAjk64xgnFPD6kTBUtpnMVzDrMb12N1YZV0VvSlhnVT3SGxiYTLdGy8Q5cYHOIC/FAHmZ10eGrAguicQ==}
    dev: false

  /tunnel-agent@0.6.0:
    resolution: {integrity: sha512-McnNiV1l8RYeY8tBgEpuodCC1mLUdbSN+CYBL7kJsJNInOP8UjDDEwdk6Mw60vdLLrr5NHKZhMAOSrR2NZuQ+w==}
    dependencies:
      safe-buffer: 5.2.1
    dev: false

  /tweetnacl@0.14.5:
    resolution: {integrity: sha512-KXXFFdAbFXY4geFIwoyNK+f5Z1b7swfXABfL7HXCmoIWMKU3dmS26672A4EeQtDzLKy7SXmfBu51JolvEKwtGA==}
    dev: false

  /typedarray-to-buffer@3.1.5:
    resolution: {integrity: sha512-zdu8XMNEDepKKR+XYOXAVPtWui0ly0NtohUscw+UmaHiAWT8hrV1rr//H6V+0DvJ3OQ19S979M0laLfX8rm82Q==}
    dependencies:
      is-typedarray: 1.0.0
    dev: false

  /typescript@4.9.5:
    resolution: {integrity: sha512-1FXk9E2Hm+QzZQ7z+McJiHL4NW1F2EzMu9Nq9i3zAaGqibafqYwCVU6WyWAuyQRRzOlxou8xZSyXLEN8oKj24g==}
    engines: {node: '>=4.2.0'}
    hasBin: true
    dev: true

  /universalify@0.2.0:
    resolution: {integrity: sha512-CJ1QgKmNg3CwvAv/kOFmtnEN05f0D/cn9QntgNOQlQF9dgvVTHj3t+8JPdjqawCHk7V/KA+fbUqzZ9XWhcqPUg==}
    engines: {node: '>= 4.0.0'}
    dev: false

  /uri-js@4.4.1:
    resolution: {integrity: sha512-7rKUyy33Q1yc98pQ1DAmLtwX109F7TIfWlW1Ydo8Wl1ii1SeHieeh0HHfPeL2fMXK6z0s8ecKs9frCuLJvndBg==}
    dependencies:
      punycode: 2.3.1
    dev: false

  /url-parse@1.5.10:
    resolution: {integrity: sha512-WypcfiRhfeUP9vvF0j6rw0J3hrWrw6iZv3+22h6iRMJ/8z1Tj6XfLP4DsUix5MhMPnXpiHDoKyoZ/bdCkwBCiQ==}
    dependencies:
      querystringify: 2.2.0
      requires-port: 1.0.0
    dev: false

  /uuid@3.4.0:
    resolution: {integrity: sha512-HjSDRw6gZE5JMggctHBcjVak08+KEVhSIiDzFnT9S9aegmp85S/bReBVTb4QTFaRNptJ9kuYaNhnbNEOkbKb/A==}
    deprecated: Please upgrade  to version 7 or higher.  Older versions may use Math.random() in certain circumstances, which is known to be problematic.  See https://v8.dev/blog/math-random for details.
    hasBin: true
    dev: false

  /uuid@8.3.2:
    resolution: {integrity: sha512-+NYs2QeMWy+GWFOEm9xnn6HCDp0l7QBD7ml8zLUmJ+93Q5NF0NocErnwkTkXVFNiX3/fpC6afS8Dhb/gz7R7eg==}
    hasBin: true
    dev: false

  /verror@1.10.0:
    resolution: {integrity: sha512-ZZKSmDAEFOijERBLkmYfJ+vmk3w+7hOLYDNkRCuRuMJGEmqYNCNLyBBFwWKVMhfwaEF3WOd0Zlw86U/WC/+nYw==}
    engines: {'0': node >=0.6.0}
    dependencies:
      assert-plus: 1.0.0
      core-util-is: 1.0.2
      extsprintf: 1.3.0
    dev: false

  /which@2.0.2:
    resolution: {integrity: sha512-BLI3Tl1TW3Pvl70l3yq3Y64i+awpwXqsGBYWkkqMtnbXgrMD+yj7rhW0kuEDxzJaYXGjEW5ogapKNMEKNMjibA==}
    engines: {node: '>= 8'}
    hasBin: true
    dependencies:
      isexe: 2.0.0
    dev: true

  /wrap-ansi@7.0.0:
    resolution: {integrity: sha512-YVGIj2kamLSTxw6NsZjoBxfSwsn0ycdesmc4p+Q21c5zPuZ1pl+NfxVdxPtdHvmNVOQ6XSYG4AUtyt/Fi7D16Q==}
    engines: {node: '>=10'}
    dependencies:
      ansi-styles: 4.3.0
      string-width: 4.2.3
      strip-ansi: 6.0.1
    dev: true

  /wrap-ansi@8.1.0:
    resolution: {integrity: sha512-si7QWI6zUMq56bESFvagtmzMdGOtoxfR+Sez11Mobfc7tm+VkUckk9bW2UeffTGVUbOksxmSw0AA2gs8g71NCQ==}
    engines: {node: '>=12'}
    dependencies:
      ansi-styles: 6.2.1
      string-width: 5.1.2
      strip-ansi: 7.1.0
    dev: true

  /xml2js@0.4.23:
    resolution: {integrity: sha512-ySPiMjM0+pLDftHgXY4By0uswI3SPKLDw/i3UXbnO8M/p28zqexCUoPmQFrYD+/1BzhGJSs2i1ERWKJAtiLrug==}
    engines: {node: '>=4.0.0'}
    dependencies:
      sax: 1.4.1
      xmlbuilder: 11.0.1
    dev: false

  /xmlbuilder@11.0.1:
    resolution: {integrity: sha512-fDlsI/kFEx7gLvbecc0/ohLG50fugQp8ryHzMTuW9vSa1GJ0XYWKnhsUx7oie3G98+r56aTQIUB4kht42R3JvA==}
    engines: {node: '>=4.0'}
    dev: false
